
Microsoft Visual Studio Solution File, Format Version 12.00
# Visual Studio Version 17
VisualStudioVersion = 17.11.35312.102
MinimumVisualStudioVersion = 10.0.40219.1
Project("{FAE04EC0-301F-11D3-BF4B-00C04F79EFBC}") = "AgriTechERP.Web", "AgriTechERP.Web\AgriTechERP.Web.csproj", "{13CE95A1-3341-4945-9B7D-95CC06D766EE}"
EndProject
Project("{FAE04EC0-301F-11D3-BF4B-00C04F79EFBC}") = "AgriTechERP.Application", "AgriTechERP.Application\AgriTechERP.Application.csproj", "{A5849CEA-1E6A-486C-BD5C-54E8EFA3AF7B}"
EndProject
Project("{FAE04EC0-301F-11D3-BF4B-00C04F79EFBC}") = "AgriTechERP.Core", "AgriTechERP.Core\AgriTechERP.Core.csproj", "{7B82AF37-A86A-4F40-803D-D276EA65FC09}"
EndProject
Project("{FAE04EC0-301F-11D3-BF4B-00C04F79EFBC}") = "AgriTechERP.Infrastructure", "AgriTechERP.Infrastructure\AgriTechERP.Infrastructure.csproj", "{38FE9EDD-3815-45EC-BECB-A0D1F7A3682C}"
EndProject
Global
	GlobalSection(SolutionConfigurationPlatforms) = preSolution
		Debug|Any CPU = Debug|Any CPU
		Release|Any CPU = Release|Any CPU
	EndGlobalSection
	GlobalSection(ProjectConfigurationPlatforms) = postSolution
		{13CE95A1-3341-4945-9B7D-95CC06D766EE}.Debug|Any CPU.ActiveCfg = Debug|Any CPU
		{13CE95A1-3341-4945-9B7D-95CC06D766EE}.Debug|Any CPU.Build.0 = Debug|Any CPU
		{13CE95A1-3341-4945-9B7D-95CC06D766EE}.Release|Any CPU.ActiveCfg = Release|Any CPU
		{13CE95A1-3341-4945-9B7D-95CC06D766EE}.Release|Any CPU.Build.0 = Release|Any CPU
		{A5849CEA-1E6A-486C-BD5C-54E8EFA3AF7B}.Debug|Any CPU.ActiveCfg = Debug|Any CPU
		{A5849CEA-1E6A-486C-BD5C-54E8EFA3AF7B}.Debug|Any CPU.Build.0 = Debug|Any CPU
		{A5849CEA-1E6A-486C-BD5C-54E8EFA3AF7B}.Release|Any CPU.ActiveCfg = Release|Any CPU
		{A5849CEA-1E6A-486C-BD5C-54E8EFA3AF7B}.Release|Any CPU.Build.0 = Release|Any CPU
		{7B82AF37-A86A-4F40-803D-D276EA65FC09}.Debug|Any CPU.ActiveCfg = Debug|Any CPU
		{7B82AF37-A86A-4F40-803D-D276EA65FC09}.Debug|Any CPU.Build.0 = Debug|Any CPU
		{7B82AF37-A86A-4F40-803D-D276EA65FC09}.Release|Any CPU.ActiveCfg = Release|Any CPU
		{7B82AF37-A86A-4F40-803D-D276EA65FC09}.Release|Any CPU.Build.0 = Release|Any CPU
		{38FE9EDD-3815-45EC-BECB-A0D1F7A3682C}.Debug|Any CPU.ActiveCfg = Debug|Any CPU
		{38FE9EDD-3815-45EC-BECB-A0D1F7A3682C}.Debug|Any CPU.Build.0 = Debug|Any CPU
		{38FE9EDD-3815-45EC-BECB-A0D1F7A3682C}.Release|Any CPU.ActiveCfg = Release|Any CPU
		{38FE9EDD-3815-45EC-BECB-A0D1F7A3682C}.Release|Any CPU.Build.0 = Release|Any CPU
	EndGlobalSection
	GlobalSection(SolutionProperties) = preSolution
		HideSolutionNode = FALSE
	EndGlobalSection
	GlobalSection(ExtensibilityGlobals) = postSolution
		SolutionGuid = {5EFD200D-9F4C-4413-BAD3-52088E92F4C8}
	EndGlobalSection
EndGlobal
